
Microsoft Visual Studio Solution File, Format Version 12.00
# Visual Studio Version 16
VisualStudioVersion = 16.0.30523.141
MinimumVisualStudioVersion = 10.0.40219.1
Project("{9A19103F-16F7-4668-BE54-9A1E7A4F7556}") = "ProgrammersBlog.Core", "ProgrammersBlog.Core\ProgrammersBlog.Core.csproj", "{7990559E-A62D-4F84-9743-A82AE429AB20}"
EndProject
Project("{9A19103F-16F7-4668-BE54-9A1E7A4F7556}") = "ProgrammersBlog.Entities", "ProgrammersBlog.Entites\ProgrammersBlog.Entities.csproj", "{520A0947-4508-492A-837B-ABBAFDC991F6}"
EndProject
Project("{9A19103F-16F7-4668-BE54-9A1E7A4F7556}") = "ProgrammersBlog.DataAccess", "ProgrammersBlog.DataAccess\ProgrammersBlog.DataAccess.csproj", "{CC75D557-E40C-4BFC-9C26-A5B1F487983F}"
EndProject
Project("{9A19103F-16F7-4668-BE54-9A1E7A4F7556}") = "ProgrammersBlog.Business", "ProgrammersBlog.Business\ProgrammersBlog.Business.csproj", "{7AF00AC4-2B89-46BC-B5B3-60DC82C8017D}"
EndProject
Project("{9A19103F-16F7-4668-BE54-9A1E7A4F7556}") = "ProgrammersBlog.MVC", "ProgrammersBlog.MVC\ProgrammersBlog.MVC.csproj", "{49CB1A0A-E4E0-408F-9272-838A96DD0091}"
EndProject
Global
	GlobalSection(SolutionConfigurationPlatforms) = preSolution
		Debug|Any CPU = Debug|Any CPU
		Release|Any CPU = Release|Any CPU
	EndGlobalSection
	GlobalSection(ProjectConfigurationPlatforms) = postSolution
		{7990559E-A62D-4F84-9743-A82AE429AB20}.Debug|Any CPU.ActiveCfg = Debug|Any CPU
		{7990559E-A62D-4F84-9743-A82AE429AB20}.Debug|Any CPU.Build.0 = Debug|Any CPU
		{7990559E-A62D-4F84-9743-A82AE429AB20}.Release|Any CPU.ActiveCfg = Release|Any CPU
		{7990559E-A62D-4F84-9743-A82AE429AB20}.Release|Any CPU.Build.0 = Release|Any CPU
		{520A0947-4508-492A-837B-ABBAFDC991F6}.Debug|Any CPU.ActiveCfg = Debug|Any CPU
		{520A0947-4508-492A-837B-ABBAFDC991F6}.Debug|Any CPU.Build.0 = Debug|Any CPU
		{520A0947-4508-492A-837B-ABBAFDC991F6}.Release|Any CPU.ActiveCfg = Release|Any CPU
		{520A0947-4508-492A-837B-ABBAFDC991F6}.Release|Any CPU.Build.0 = Release|Any CPU
		{CC75D557-E40C-4BFC-9C26-A5B1F487983F}.Debug|Any CPU.ActiveCfg = Debug|Any CPU
		{CC75D557-E40C-4BFC-9C26-A5B1F487983F}.Debug|Any CPU.Build.0 = Debug|Any CPU
		{CC75D557-E40C-4BFC-9C26-A5B1F487983F}.Release|Any CPU.ActiveCfg = Release|Any CPU
		{CC75D557-E40C-4BFC-9C26-A5B1F487983F}.Release|Any CPU.Build.0 = Release|Any CPU
		{7AF00AC4-2B89-46BC-B5B3-60DC82C8017D}.Debug|Any CPU.ActiveCfg = Debug|Any CPU
		{7AF00AC4-2B89-46BC-B5B3-60DC82C8017D}.Debug|Any CPU.Build.0 = Debug|Any CPU
		{7AF00AC4-2B89-46BC-B5B3-60DC82C8017D}.Release|Any CPU.ActiveCfg = Release|Any CPU
		{7AF00AC4-2B89-46BC-B5B3-60DC82C8017D}.Release|Any CPU.Build.0 = Release|Any CPU
		{49CB1A0A-E4E0-408F-9272-838A96DD0091}.Debug|Any CPU.ActiveCfg = Debug|Any CPU
		{49CB1A0A-E4E0-408F-9272-838A96DD0091}.Debug|Any CPU.Build.0 = Debug|Any CPU
		{49CB1A0A-E4E0-408F-9272-838A96DD0091}.Release|Any CPU.ActiveCfg = Release|Any CPU
		{49CB1A0A-E4E0-408F-9272-838A96DD0091}.Release|Any CPU.Build.0 = Release|Any CPU
	EndGlobalSection
	GlobalSection(SolutionProperties) = preSolution
		HideSolutionNode = FALSE
	EndGlobalSection
	GlobalSection(ExtensibilityGlobals) = postSolution
		SolutionGuid = {CE5C37A6-E266-414C-A442-1C1456BBB356}
	EndGlobalSection
EndGlobal
